<?xml version="1.0" encoding="utf-8"?>
<Project ToolsVersion="4.0" xmlns="http://schemas.microsoft.com/developer/msbuild/2003">
  <ItemGroup>
    <Filter Include="Archivos de origen">
      <UniqueIdentifier>{4FC737F1-C7A5-4376-A066-2A32D752A2FF}</UniqueIdentifier>
      <Extensions>cpp;c;cc;cxx;c++;cppm;ixx;def;odl;idl;hpj;bat;asm;asmx</Extensions>
    </Filter>
    <Filter Include="Archivos de encabezado">
      <UniqueIdentifier>{93995380-89BD-4b04-88EB-625FBE52EBFB}</UniqueIdentifier>
      <Extensions>h;hh;hpp;hxx;h++;hm;inl;inc;ipp;xsd</Extensions>
    </Filter>
    <Filter Include="Archivos de recursos">
      <UniqueIdentifier>{67DA6AB6-F800-4c08-8B7A-83BB121AAD01}</UniqueIdentifier>
      <Extensions>rc;ico;cur;bmp;dlg;rc2;rct;bin;rgs;gif;jpg;jpeg;jpe;resx;tiff;tif;png;wav;mfcribbon-ms</Extensions>
    </Filter>
    <Filter Include="Archivos de encabezado\Tools">
      <UniqueIdentifier>{15bf35c5-9d35-47bf-89f7-c4375ee10762}</UniqueIdentifier>
    </Filter>
    <Filter Include="Archivos de encabezado\Modules">
      <UniqueIdentifier>{a4fbe621-f6f3-42b6-8976-1ffbea31839d}</UniqueIdentifier>
    </Filter>
    <Filter Include="Archivos de encabezado\GameObjects">
      <UniqueIdentifier>{2157c2c6-c22b-4702-9cfa-5b50daecc844}</UniqueIdentifier>
    </Filter>
    <Filter Include="Archivos de encabezado\GameObjects\Particles">
      <UniqueIdentifier>{bd6bc735-2325-4369-960b-acb93d8c158e}</UniqueIdentifier>
    </Filter>
    <Filter Include="Archivos de encabezado\Scenes">
      <UniqueIdentifier>{c1761821-4c1d-4e2b-a7d7-87a92082f657}</UniqueIdentifier>
    </Filter>
    <Filter Include="Archivos de encabezado\Others">
      <UniqueIdentifier>{3302ee1e-3370-4cee-a7f1-2047e4f005d9}</UniqueIdentifier>
    </Filter>
    <Filter Include="Archivos de encabezado\Application">
      <UniqueIdentifier>{f7534aeb-c665-43b2-9ea5-26473b332aa5}</UniqueIdentifier>
    </Filter>
    <Filter Include="Archivos de origen\Modules">
      <UniqueIdentifier>{3e026d8b-55d3-4f60-a1a1-b04cbb0c72f1}</UniqueIdentifier>
    </Filter>
    <Filter Include="Archivos de origen\GameObjects">
      <UniqueIdentifier>{1adf4e6c-66bc-4f55-a2f4-7e83b9eb5d1c}</UniqueIdentifier>
    </Filter>
    <Filter Include="Archivos de origen\Application">
      <UniqueIdentifier>{1d15c824-600a-4a83-b119-3d743a66f633}</UniqueIdentifier>
    </Filter>
    <Filter Include="Archivos de origen\Others">
      <UniqueIdentifier>{65fa4990-6f59-403b-8f92-f91aee27963b}</UniqueIdentifier>
    </Filter>
    <Filter Include="Archivos de origen\Scenes">
      <UniqueIdentifier>{89e48820-bc0a-4bcb-8549-f4c4afd0b712}</UniqueIdentifier>
    </Filter>
    <Filter Include="Archivos de origen\Tools">
      <UniqueIdentifier>{fb21dfcf-3125-4a18-bb3a-98c14608cba0}</UniqueIdentifier>
    </Filter>
  </ItemGroup>
  <ItemGroup>
    <ClInclude Include="Animation.h">
      <Filter>Archivos de encabezado\Tools</Filter>
    </ClInclude>
    <ClInclude Include="Collider.h">
      <Filter>Archivos de encabezado\Tools</Filter>
    </ClInclude>
    <ClInclude Include="List.h">
      <Filter>Archivos de encabezado\Tools</Filter>
    </ClInclude>
    <ClInclude Include="Point.h">
      <Filter>Archivos de encabezado\Tools</Filter>
    </ClInclude>
    <ClInclude Include="Module.h">
      <Filter>Archivos de encabezado\Modules</Filter>
    </ClInclude>
    <ClInclude Include="ModuleAudio.h">
      <Filter>Archivos de encabezado\Modules</Filter>
    </ClInclude>
    <ClInclude Include="ModuleCollisions.h">
      <Filter>Archivos de encabezado\Modules</Filter>
    </ClInclude>
    <ClInclude Include="ModuleInput.h">
      <Filter>Archivos de encabezado\Modules</Filter>
    </ClInclude>
    <ClInclude Include="ModuleRender.h">
      <Filter>Archivos de encabezado\Modules</Filter>
    </ClInclude>
    <ClInclude Include="ModuleScene.h">
      <Filter>Archivos de encabezado\Modules</Filter>
    </ClInclude>
    <ClInclude Include="ModuleTextures.h">
      <Filter>Archivos de encabezado\Modules</Filter>
    </ClInclude>
    <ClInclude Include="ModuleWindow.h">
      <Filter>Archivos de encabezado\Modules</Filter>
    </ClInclude>
    <ClInclude Include="PlayerDieParticle.h">
      <Filter>Archivos de encabezado\GameObjects\Particles</Filter>
    </ClInclude>
    <ClInclude Include="PlayerTemplate.h">
      <Filter>Archivos de encabezado\GameObjects</Filter>
    </ClInclude>
    <ClInclude Include="MemLeaks.h">
      <Filter>Archivos de encabezado\Tools</Filter>
    </ClInclude>
    <ClInclude Include="GameObject.h">
      <Filter>Archivos de encabezado\GameObjects</Filter>
    </ClInclude>
    <ClInclude Include="Scene.h">
      <Filter>Archivos de encabezado\Scenes</Filter>
    </ClInclude>
    <ClInclude Include="SceneGame.h">
      <Filter>Archivos de encabezado\Scenes</Filter>
    </ClInclude>
    <ClInclude Include="SceneGameTemplate.h">
      <Filter>Archivos de encabezado\Scenes</Filter>
    </ClInclude>
    <ClInclude Include="SceneMenu.h">
      <Filter>Archivos de encabezado\Scenes</Filter>
    </ClInclude>
    <ClInclude Include="SceneMenuTemplate.h">
      <Filter>Archivos de encabezado\Scenes</Filter>
    </ClInclude>
    <ClInclude Include="MenuText.h">
      <Filter>Archivos de encabezado\Others</Filter>
    </ClInclude>
    <ClInclude Include="Application.h">
      <Filter>Archivos de encabezado\Application</Filter>
    </ClInclude>
    <ClInclude Include="Globals.h">
      <Filter>Archivos de encabezado\Application</Filter>
    </ClInclude>
    <ClInclude Include="TestPowerUp.h">
      <Filter>Archivos de encabezado\GameObjects</Filter>
    </ClInclude>
    <ClInclude Include="Particle.h">
      <Filter>Archivos de encabezado\GameObjects\Particles</Filter>
    </ClInclude>
    <ClInclude Include="..\..\Proyecto2\Source\MapGenerator.h">
      <Filter>Archivos de encabezado</Filter>
    </ClInclude>
  </ItemGroup>
  <ItemGroup>
    <ClCompile Include="Application.cpp">
      <Filter>Archivos de origen\Application</Filter>
    </ClCompile>
    <ClCompile Include="Collider.cpp">
      <Filter>Archivos de origen\Tools</Filter>
    </ClCompile>
    <ClCompile Include="GameObject.cpp">
      <Filter>Archivos de origen\GameObjects</Filter>
    </ClCompile>
    <ClCompile Include="Globals.cpp">
      <Filter>Archivos de origen\Application</Filter>
    </ClCompile>
    <ClCompile Include="main.cpp">
      <Filter>Archivos de origen\Application</Filter>
    </ClCompile>
    <ClCompile Include="MenuText.cpp">
      <Filter>Archivos de origen\Others</Filter>
    </ClCompile>
    <ClCompile Include="Module.cpp">
      <Filter>Archivos de origen\Modules</Filter>
    </ClCompile>
    <ClCompile Include="ModuleAudio.cpp">
      <Filter>Archivos de origen\Modules</Filter>
    </ClCompile>
    <ClCompile Include="ModuleCollisions.cpp">
      <Filter>Archivos de origen\Modules</Filter>
    </ClCompile>
    <ClCompile Include="ModuleInput.cpp">
      <Filter>Archivos de origen\Modules</Filter>
    </ClCompile>
    <ClCompile Include="ModuleRender.cpp">
      <Filter>Archivos de origen\Modules</Filter>
    </ClCompile>
    <ClCompile Include="ModuleScene.cpp">
      <Filter>Archivos de origen\Modules</Filter>
    </ClCompile>
    <ClCompile Include="ModuleTextures.cpp">
      <Filter>Archivos de origen\Modules</Filter>
    </ClCompile>
    <ClCompile Include="ModuleWindow.cpp">
      <Filter>Archivos de origen\Modules</Filter>
    </ClCompile>
    <ClCompile Include="Scene.cpp">
      <Filter>Archivos de origen\Scenes</Filter>
    </ClCompile>
    <ClCompile Include="SceneGame.cpp">
      <Filter>Archivos de origen\Scenes</Filter>
    </ClCompile>
    <ClCompile Include="SceneGameTemplate.cpp">
      <Filter>Archivos de origen\Scenes</Filter>
    </ClCompile>
    <ClCompile Include="SceneMenu.cpp">
      <Filter>Archivos de origen\Scenes</Filter>
    </ClCompile>
    <ClCompile Include="..\..\Proyecto2\Source\MapGenerator.cpp">
      <Filter>Archivos de origen</Filter>
    </ClCompile>
  </ItemGroup>
</Project>